
Microsoft Visual Studio Solution File, Format Version 12.00
# Visual Studio 15
VisualStudioVersion = 15.0.28307.136
MinimumVisualStudioVersion = 10.0.40219.1
Project("{FAE04EC0-301F-11D3-BF4B-00C04F79EFBC}") = "FlightManagement", "FlightManagement\FlightManagement.csproj", "{2363638A-3044-4590-9E06-AC9B15524E54}"
EndProject
Project("{FAE04EC0-301F-11D3-BF4B-00C04F79EFBC}") = "FlightManagement.Test", "FlightManagementTest\FlightManagement.Test.csproj", "{96C21B69-43C1-4096-9154-D2013289CEC6}"
EndProject
Global
	GlobalSection(SolutionConfigurationPlatforms) = preSolution
		Debug|Any CPU = Debug|Any CPU
		Release|Any CPU = Release|Any CPU
	EndGlobalSection
	GlobalSection(ProjectConfigurationPlatforms) = postSolution
		{2363638A-3044-4590-9E06-AC9B15524E54}.Debug|Any CPU.ActiveCfg = Debug|Any CPU
		{2363638A-3044-4590-9E06-AC9B15524E54}.Debug|Any CPU.Build.0 = Debug|Any CPU
		{2363638A-3044-4590-9E06-AC9B15524E54}.Release|Any CPU.ActiveCfg = Release|Any CPU
		{2363638A-3044-4590-9E06-AC9B15524E54}.Release|Any CPU.Build.0 = Release|Any CPU
		{96C21B69-43C1-4096-9154-D2013289CEC6}.Debug|Any CPU.ActiveCfg = Debug|Any CPU
		{96C21B69-43C1-4096-9154-D2013289CEC6}.Debug|Any CPU.Build.0 = Debug|Any CPU
		{96C21B69-43C1-4096-9154-D2013289CEC6}.Release|Any CPU.ActiveCfg = Release|Any CPU
		{96C21B69-43C1-4096-9154-D2013289CEC6}.Release|Any CPU.Build.0 = Release|Any CPU
	EndGlobalSection
	GlobalSection(SolutionProperties) = preSolution
		HideSolutionNode = FALSE
	EndGlobalSection
	GlobalSection(ExtensibilityGlobals) = postSolution
		SolutionGuid = {FFF2B675-B12E-48CE-9698-15B683E08960}
	EndGlobalSection
EndGlobal
